
Microsoft Visual Studio Solution File, Format Version 12.00
# Visual Studio 2012
Project("{FAE04EC0-301F-11D3-BF4B-00C04F79EFBC}") = "MvcTesting", "MvcTesting\MvcTesting.csproj", "{BC0BF0EB-4762-4D69-851A-0F82AE5433AA}"
EndProject
Project("{FAE04EC0-301F-11D3-BF4B-00C04F79EFBC}") = "MvcTesting.Tests", "MvcTesting.Tests\MvcTesting.Tests.csproj", "{4E311809-6AD1-4E2E-B75D-8772BAC8A9F8}"
EndProject
Global
	GlobalSection(SolutionConfigurationPlatforms) = preSolution
		Debug|Any CPU = Debug|Any CPU
		Release|Any CPU = Release|Any CPU
	EndGlobalSection
	GlobalSection(ProjectConfigurationPlatforms) = postSolution
		{BC0BF0EB-4762-4D69-851A-0F82AE5433AA}.Debug|Any CPU.ActiveCfg = Debug|Any CPU
		{BC0BF0EB-4762-4D69-851A-0F82AE5433AA}.Debug|Any CPU.Build.0 = Debug|Any CPU
		{BC0BF0EB-4762-4D69-851A-0F82AE5433AA}.Release|Any CPU.ActiveCfg = Release|Any CPU
		{BC0BF0EB-4762-4D69-851A-0F82AE5433AA}.Release|Any CPU.Build.0 = Release|Any CPU
		{4E311809-6AD1-4E2E-B75D-8772BAC8A9F8}.Debug|Any CPU.ActiveCfg = Debug|Any CPU
		{4E311809-6AD1-4E2E-B75D-8772BAC8A9F8}.Debug|Any CPU.Build.0 = Debug|Any CPU
		{4E311809-6AD1-4E2E-B75D-8772BAC8A9F8}.Release|Any CPU.ActiveCfg = Release|Any CPU
		{4E311809-6AD1-4E2E-B75D-8772BAC8A9F8}.Release|Any CPU.Build.0 = Release|Any CPU
	EndGlobalSection
	GlobalSection(SolutionProperties) = preSolution
		HideSolutionNode = FALSE
	EndGlobalSection
EndGlobal
